// !$*UTF8*$!
{
	archiveVersion = 1;
	classes = {
	};
	objectVersion = 46;
	objects = {

/* Begin PBXBuildFile section */
		F97282F820D7361500F8E4CA /* AppDelegate.m in Sources */ = {isa = PBXBuildFile; fileRef = F97282F720D7361500F8E4CA /* AppDelegate.m */; };
		F97282FB20D7361500F8E4CA /* main.m in Sources */ = {isa = PBXBuildFile; fileRef = F97282FA20D7361500F8E4CA /* main.m */; };
		F97282FD20D7361500F8E4CA /* Assets.xcassets in Resources */ = {isa = PBXBuildFile; fileRef = F97282FC20D7361500F8E4CA /* Assets.xcassets */; };
		F972830020D7361500F8E4CA /* MainMenu.xib in Resources */ = {isa = PBXBuildFile; fileRef = F97282FE20D7361500F8E4CA /* MainMenu.xib */; };
		F972830F20D737D000F8E4CA /* BasicViewController.m in Sources */ = {isa = PBXBuildFile; fileRef = F972830D20D737D000F8E4CA /* BasicViewController.m */; };
		F972831020D737D000F8E4CA /* BasicViewController.xib in Resources */ = {isa = PBXBuildFile; fileRef = F972830E20D737D000F8E4CA /* BasicViewController.xib */; };
		F972831320D7396000F8E4CA /* MyView.m in Sources */ = {isa = PBXBuildFile; fileRef = F972831220D7396000F8E4CA /* MyView.m */; };
		F97283A420D773E000F8E4CA /* YGLayoutExtensions.swift in Sources */ = {isa = PBXBuildFile; fileRef = F97283A320D773E000F8E4CA /* YGLayoutExtensions.swift */; };
		F97283A620D87FD900F8E4CA /* YogaKit.framework in Frameworks */ = {isa = PBXBuildFile; fileRef = F97283A520D87FD900F8E4CA /* YogaKit.framework */; };
/* End PBXBuildFile section */

/* Begin PBXFileReference section */
		F97282F320D7361500F8E4CA /* YogaKitSample.app */ = {isa = PBXFileReference; explicitFileType = wrapper.application; includeInIndex = 0; path = YogaKitSample.app; sourceTree = BUILT_PRODUCTS_DIR; };
		F97282F620D7361500F8E4CA /* AppDelegate.h */ = {isa = PBXFileReference; lastKnownFileType = sourcecode.c.h; path = AppDelegate.h; sourceTree = "<group>"; };
		F97282F720D7361500F8E4CA /* AppDelegate.m */ = {isa = PBXFileReference; lastKnownFileType = sourcecode.c.objc; path = AppDelegate.m; sourceTree = "<group>"; };
		F97282FA20D7361500F8E4CA /* main.m */ = {isa = PBXFileReference; lastKnownFileType = sourcecode.c.objc; path = main.m; sourceTree = "<group>"; };
		F97282FC20D7361500F8E4CA /* Assets.xcassets */ = {isa = PBXFileReference; lastKnownFileType = folder.assetcatalog; path = Assets.xcassets; sourceTree = "<group>"; };
		F97282FF20D7361500F8E4CA /* Base */ = {isa = PBXFileReference; lastKnownFileType = file.xib; name = Base; path = Base.lproj/MainMenu.xib; sourceTree = "<group>"; };
		F972830120D7361500F8E4CA /* Info.plist */ = {isa = PBXFileReference; lastKnownFileType = text.plist.xml; path = Info.plist; sourceTree = "<group>"; };
		F972830C20D737D000F8E4CA /* BasicViewController.h */ = {isa = PBXFileReference; fileEncoding = 4; lastKnownFileType = sourcecode.c.h; path = BasicViewController.h; sourceTree = "<group>"; };
		F972830D20D737D000F8E4CA /* BasicViewController.m */ = {isa = PBXFileReference; fileEncoding = 4; lastKnownFileType = sourcecode.c.objc; path = BasicViewController.m; sourceTree = "<group>"; };
		F972830E20D737D000F8E4CA /* BasicViewController.xib */ = {isa = PBXFileReference; fileEncoding = 4; lastKnownFileType = file.xib; path = BasicViewController.xib; sourceTree = "<group>"; };
		F972831120D7396000F8E4CA /* MyView.h */ = {isa = PBXFileReference; fileEncoding = 4; lastKnownFileType = sourcecode.c.h; name = MyView.h; path = ../MyView.h; sourceTree = "<group>"; };
		F972831220D7396000F8E4CA /* MyView.m */ = {isa = PBXFileReference; fileEncoding = 4; lastKnownFileType = sourcecode.c.objc; name = MyView.m; path = ../MyView.m; sourceTree = "<group>"; };
		F97283A220D773E000F8E4CA /* YogaKitSample-Bridging-Header.h */ = {isa = PBXFileReference; lastKnownFileType = sourcecode.c.h; path = "YogaKitSample-Bridging-Header.h"; sourceTree = "<group>"; };
		F97283A320D773E000F8E4CA /* YGLayoutExtensions.swift */ = {isa = PBXFileReference; fileEncoding = 4; lastKnownFileType = sourcecode.swift; path = YGLayoutExtensions.swift; sourceTree = "<group>"; };
		F97283A520D87FD900F8E4CA /* YogaKit.framework */ = {isa = PBXFileReference; lastKnownFileType = wrapper.framework; name = YogaKit.framework; path = "../../../../../Library/Developer/Xcode/DerivedData/YogaKit-ajjdxshmfitsgxdsmxsregixjarh/Build/Products/Debug/YogaKit.framework"; sourceTree = "<group>"; };
/* End PBXFileReference section */

/* Begin PBXFrameworksBuildPhase section */
		F97282F020D7361500F8E4CA /* Frameworks */ = {
			isa = PBXFrameworksBuildPhase;
			buildActionMask = 2147483647;
			files = (
				F97283A620D87FD900F8E4CA /* YogaKit.framework in Frameworks */,
			);
			runOnlyForDeploymentPostprocessing = 0;
		};
/* End PBXFrameworksBuildPhase section */

/* Begin PBXGroup section */
		F97282EA20D7361500F8E4CA = {
			isa = PBXGroup;
			children = (
				F97282F520D7361500F8E4CA /* YogaKitSample */,
				F97282F420D7361500F8E4CA /* Products */,
				F972830720D7369000F8E4CA /* Frameworks */,
			);
			sourceTree = "<group>";
		};
		F97282F420D7361500F8E4CA /* Products */ = {
			isa = PBXGroup;
			children = (
				F97282F320D7361500F8E4CA /* YogaKitSample.app */,
			);
			name = Products;
			sourceTree = "<group>";
		};
		F97282F520D7361500F8E4CA /* YogaKitSample */ = {
			isa = PBXGroup;
			children = (
				F972831120D7396000F8E4CA /* MyView.h */,
				F972831220D7396000F8E4CA /* MyView.m */,
				F97282F620D7361500F8E4CA /* AppDelegate.h */,
				F97282F720D7361500F8E4CA /* AppDelegate.m */,
				F97282FC20D7361500F8E4CA /* Assets.xcassets */,
				F97282FE20D7361500F8E4CA /* MainMenu.xib */,
				F972830120D7361500F8E4CA /* Info.plist */,
				F97282F920D7361500F8E4CA /* Supporting Files */,
				F972830C20D737D000F8E4CA /* BasicViewController.h */,
				F972830D20D737D000F8E4CA /* BasicViewController.m */,
				F972830E20D737D000F8E4CA /* BasicViewController.xib */,
				F97283A320D773E000F8E4CA /* YGLayoutExtensions.swift */,
				F97283A220D773E000F8E4CA /* YogaKitSample-Bridging-Header.h */,
			);
			path = YogaKitSample;
			sourceTree = "<group>";
		};
		F97282F920D7361500F8E4CA /* Supporting Files */ = {
			isa = PBXGroup;
			children = (
				F97282FA20D7361500F8E4CA /* main.m */,
			);
			name = "Supporting Files";
			sourceTree = "<group>";
		};
		F972830720D7369000F8E4CA /* Frameworks */ = {
			isa = PBXGroup;
			children = (
				F97283A520D87FD900F8E4CA /* YogaKit.framework */,
			);
			name = Frameworks;
			sourceTree = "<group>";
		};
/* End PBXGroup section */

/* Begin PBXNativeTarget section */
		F97282F220D7361500F8E4CA /* YogaKitSample */ = {
			isa = PBXNativeTarget;
			buildConfigurationList = F972830420D7361500F8E4CA /* Build configuration list for PBXNativeTarget "YogaKitSample" */;
			buildPhases = (
				F97282EF20D7361500F8E4CA /* Sources */,
				F97282F020D7361500F8E4CA /* Frameworks */,
				F97282F120D7361500F8E4CA /* Resources */,
			);
			buildRules = (
			);
			dependencies = (
			);
			name = YogaKitSample;
			productName = YogaKitSample;
			productReference = F97282F320D7361500F8E4CA /* YogaKitSample.app */;
			productType = "com.apple.product-type.application";
		};
/* End PBXNativeTarget section */

/* Begin PBXProject section */
		F97282EB20D7361500F8E4CA /* Project object */ = {
			isa = PBXProject;
			attributes = {
				LastUpgradeCheck = 0820;
				ORGANIZATIONNAME = Outlander;
				TargetAttributes = {
					F97282F220D7361500F8E4CA = {
						CreatedOnToolsVersion = 8.2.1;
						LastSwiftMigration = 0820;
						ProvisioningStyle = Automatic;
					};
				};
			};
			buildConfigurationList = F97282EE20D7361500F8E4CA /* Build configuration list for PBXProject "YogaKitSample" */;
			compatibilityVersion = "Xcode 3.2";
			developmentRegion = English;
			hasScannedForEncodings = 0;
			knownRegions = (
				en,
				Base,
			);
			mainGroup = F97282EA20D7361500F8E4CA;
			productRefGroup = F97282F420D7361500F8E4CA /* Products */;
			projectDirPath = "";
			projectRoot = "";
			targets = (
				F97282F220D7361500F8E4CA /* YogaKitSample */,
			);
		};
/* End PBXProject section */

/* Begin PBXResourcesBuildPhase section */
		F97282F120D7361500F8E4CA /* Resources */ = {
			isa = PBXResourcesBuildPhase;
			buildActionMask = 2147483647;
			files = (
				F97282FD20D7361500F8E4CA /* Assets.xcassets in Resources */,
				F972830020D7361500F8E4CA /* MainMenu.xib in Resources */,
				F972831020D737D000F8E4CA /* BasicViewController.xib in Resources */,
			);
			runOnlyForDeploymentPostprocessing = 0;
		};
/* End PBXResourcesBuildPhase section */

/* Begin PBXSourcesBuildPhase section */
		F97282EF20D7361500F8E4CA /* Sources */ = {
			isa = PBXSourcesBuildPhase;
			buildActionMask = 2147483647;
			files = (
				F972831320D7396000F8E4CA /* MyView.m in Sources */,
				F97282FB20D7361500F8E4CA /* main.m in Sources */,
				F97283A420D773E000F8E4CA /* YGLayoutExtensions.swift in Sources */,
				F97282F820D7361500F8E4CA /* AppDelegate.m in Sources */,
				F972830F20D737D000F8E4CA /* BasicViewController.m in Sources */,
			);
			runOnlyForDeploymentPostprocessing = 0;
		};
/* End PBXSourcesBuildPhase section */

/* Begin PBXVariantGroup section */
		F97282FE20D7361500F8E4CA /* MainMenu.xib */ = {
			isa = PBXVariantGroup;
			children = (
				F97282FF20D7361500F8E4CA /* Base */,
			);
			name = MainMenu.xib;
			sourceTree = "<group>";
		};
/* End PBXVariantGroup section */

/* Begin XCBuildConfiguration section */
		F972830220D7361500F8E4CA /* Debug */ = {
			isa = XCBuildConfiguration;
			buildSettings = {
				ALWAYS_SEARCH_USER_PATHS = NO;
				CLANG_ANALYZER_NONNULL = YES;
				CLANG_CXX_LANGUAGE_STANDARD = "gnu++0x";
				CLANG_CXX_LIBRARY = "libc++";
				CLANG_ENABLE_MODULES = YES;
				CLANG_ENABLE_OBJC_ARC = YES;
				CLANG_WARN_BOOL_CONVERSION = YES;
				CLANG_WARN_CONSTANT_CONVERSION = YES;
				CLANG_WARN_DIRECT_OBJC_ISA_USAGE = YES_ERROR;
				CLANG_WARN_DOCUMENTATION_COMMENTS = YES;
				CLANG_WARN_EMPTY_BODY = YES;
				CLANG_WARN_ENUM_CONVERSION = YES;
				CLANG_WARN_INFINITE_RECURSION = YES;
				CLANG_WARN_INT_CONVERSION = YES;
				CLANG_WARN_OBJC_ROOT_CLASS = YES_ERROR;
				CLANG_WARN_SUSPICIOUS_MOVE = YES;
				CLANG_WARN_UNREACHABLE_CODE = YES;
				CLANG_WARN__DUPLICATE_METHOD_MATCH = YES;
				CODE_SIGN_IDENTITY = "-";
				COPY_PHASE_STRIP = NO;
				DEBUG_INFORMATION_FORMAT = dwarf;
				ENABLE_STRICT_OBJC_MSGSEND = YES;
				ENABLE_TESTABILITY = YES;
				GCC_C_LANGUAGE_STANDARD = gnu99;
				GCC_DYNAMIC_NO_PIC = NO;
				GCC_NO_COMMON_BLOCKS = YES;
				GCC_OPTIMIZATION_LEVEL = 0;
				GCC_PREPROCESSOR_DEFINITIONS = (
					"DEBUG=1",
					"$(inherited)",
				);
				GCC_WARN_64_TO_32_BIT_CONVERSION = YES;
				GCC_WARN_ABOUT_RETURN_TYPE = YES_ERROR;
				GCC_WARN_UNDECLARED_SELECTOR = YES;
				GCC_WARN_UNINITIALIZED_AUTOS = YES_AGGRESSIVE;
				GCC_WARN_UNUSED_FUNCTION = YES;
				GCC_WARN_UNUSED_VARIABLE = YES;
				MACOSX_DEPLOYMENT_TARGET = 10.12;
				MTL_ENABLE_DEBUG_INFO = YES;
				ONLY_ACTIVE_ARCH = YES;
				SDKROOT = macosx;
			};
			name = Debug;
		};
		F972830320D7361500F8E4CA /* Release */ = {
			isa = XCBuildConfiguration;
			buildSettings = {
				ALWAYS_SEARCH_USER_PATHS = NO;
				CLANG_ANALYZER_NONNULL = YES;
				CLANG_CXX_LANGUAGE_STANDARD = "gnu++0x";
				CLANG_CXX_LIBRARY = "libc++";
				CLANG_ENABLE_MODULES = YES;
				CLANG_ENABLE_OBJC_ARC = YES;
				CLANG_WARN_BOOL_CONVERSION = YES;
				CLANG_WARN_CONSTANT_CONVERSION = YES;
				CLANG_WARN_DIRECT_OBJC_ISA_USAGE = YES_ERROR;
				CLANG_WARN_DOCUMENTATION_COMMENTS = YES;
				CLANG_WARN_EMPTY_BODY = YES;
				CLANG_WARN_ENUM_CONVERSION = YES;
				CLANG_WARN_INFINITE_RECURSION = YES;
				CLANG_WARN_INT_CONVERSION = YES;
				CLANG_WARN_OBJC_ROOT_CLASS = YES_ERROR;
				CLANG_WARN_SUSPICIOUS_MOVE = YES;
				CLANG_WARN_UNREACHABLE_CODE = YES;
				CLANG_WARN__DUPLICATE_METHOD_MATCH = YES;
				CODE_SIGN_IDENTITY = "-";
				COPY_PHASE_STRIP = NO;
				DEBUG_INFORMATION_FORMAT = "dwarf-with-dsym";
				ENABLE_NS_ASSERTIONS = NO;
				ENABLE_STRICT_OBJC_MSGSEND = YES;
				GCC_C_LANGUAGE_STANDARD = gnu99;
				GCC_NO_COMMON_BLOCKS = YES;
				GCC_WARN_64_TO_32_BIT_CONVERSION = YES;
				GCC_WARN_ABOUT_RETURN_TYPE = YES_ERROR;
				GCC_WARN_UNDECLARED_SELECTOR = YES;
				GCC_WARN_UNINITIALIZED_AUTOS = YES_AGGRESSIVE;
				GCC_WARN_UNUSED_FUNCTION = YES;
				GCC_WARN_UNUSED_VARIABLE = YES;
				MACOSX_DEPLOYMENT_TARGET = 10.12;
				MTL_ENABLE_DEBUG_INFO = NO;
				SDKROOT = macosx;
			};
			name = Release;
		};
		F972830520D7361500F8E4CA /* Debug */ = {
			isa = XCBuildConfiguration;
			buildSettings = {
				ALWAYS_SEARCH_USER_PATHS = NO;
				ASSETCATALOG_COMPILER_APPICON_NAME = AppIcon;
				CLANG_ALLOW_NON_MODULAR_INCLUDES_IN_FRAMEWORK_MODULES = YES;
				CLANG_ENABLE_MODULES = YES;
				COMBINE_HIDPI_IMAGES = YES;
				HEADER_SEARCH_PATHS = (
					usr/local/include,
					"$(CONFIGURATION_BUILD_DIR)",
				);
				INFOPLIST_FILE = YogaKitSample/Info.plist;
				LD_RUNPATH_SEARCH_PATHS = "$(inherited) @executable_path/../Frameworks";
				LIBRARY_SEARCH_PATHS = (
					"$(PROJECT_DIR)",
					"$(inherited)",
				);
				PRODUCT_BUNDLE_IDENTIFIER = com.outlander.YogaKitSample;
				PRODUCT_NAME = "$(TARGET_NAME)";
				SWIFT_OBJC_BRIDGING_HEADER = "YogaKitSample/YogaKitSample-Bridging-Header.h";
				SWIFT_OPTIMIZATION_LEVEL = "-Onone";
				SWIFT_VERSION = 3.0;
			};
			name = Debug;
		};
		F972830620D7361500F8E4CA /* Release */ = {
			isa = XCBuildConfiguration;
			buildSettings = {
				ALWAYS_SEARCH_USER_PATHS = NO;
				ASSETCATALOG_COMPILER_APPICON_NAME = AppIcon;
				CLANG_ALLOW_NON_MODULAR_INCLUDES_IN_FRAMEWORK_MODULES = YES;
				CLANG_ENABLE_MODULES = YES;
				COMBINE_HIDPI_IMAGES = YES;
				HEADER_SEARCH_PATHS = (
					usr/local/include,
					"$(CONFIGURATION_BUILD_DIR)",
				);
				INFOPLIST_FILE = YogaKitSample/Info.plist;
				LD_RUNPATH_SEARCH_PATHS = "$(inherited) @executable_path/../Frameworks";
				LIBRARY_SEARCH_PATHS = (
					"$(PROJECT_DIR)",
					"$(inherited)",
				);
				PRODUCT_BUNDLE_IDENTIFIER = com.outlander.YogaKitSample;
				PRODUCT_NAME = "$(TARGET_NAME)";
				SWIFT_OBJC_BRIDGING_HEADER = "YogaKitSample/YogaKitSample-Bridging-Header.h";
				SWIFT_VERSION = 3.0;
			};
			name = Release;
		};
/* End XCBuildConfiguration section */

/* Begin XCConfigurationList section */
		F97282EE20D7361500F8E4CA /* Build configuration list for PBXProject "YogaKitSample" */ = {
			isa = XCConfigurationList;
			buildConfigurations = (
				F972830220D7361500F8E4CA /* Debug */,
				F972830320D7361500F8E4CA /* Release */,
			);
			defaultConfigurationIsVisible = 0;
			defaultConfigurationName = Release;
		};
		F972830420D7361500F8E4CA /* Build configuration list for PBXNativeTarget "YogaKitSample" */ = {
			isa = XCConfigurationList;
			buildConfigurations = (
				F972830520D7361500F8E4CA /* Debug */,
				F972830620D7361500F8E4CA /* Release */,
			);
			defaultConfigurationIsVisible = 0;
			defaultConfigurationName = Release;
		};
/* End XCConfigurationList section */
	};
	rootObject = F97282EB20D7361500F8E4CA /* Project object */;
}
